
Microsoft Visual Studio Solution File, Format Version 12.00
# Visual Studio Version 17
VisualStudioVersion = 17.4.33205.214
MinimumVisualStudioVersion = 10.0.40219.1
Project("{FAE04EC0-301F-11D3-BF4B-00C04F79EFBC}") = "React_API", "React_API\React_API.csproj", "{CF65E2B5-8953-4A2F-A4BF-9CBEEE71C08E}"
EndProject
Global
	GlobalSection(SolutionConfigurationPlatforms) = preSolution
		Debug|Any CPU = Debug|Any CPU
		Release|Any CPU = Release|Any CPU
	EndGlobalSection
	GlobalSection(ProjectConfigurationPlatforms) = postSolution
		{CF65E2B5-8953-4A2F-A4BF-9CBEEE71C08E}.Debug|Any CPU.ActiveCfg = Debug|Any CPU
		{CF65E2B5-8953-4A2F-A4BF-9CBEEE71C08E}.Debug|Any CPU.Build.0 = Debug|Any CPU
		{CF65E2B5-8953-4A2F-A4BF-9CBEEE71C08E}.Release|Any CPU.ActiveCfg = Release|Any CPU
		{CF65E2B5-8953-4A2F-A4BF-9CBEEE71C08E}.Release|Any CPU.Build.0 = Release|Any CPU
	EndGlobalSection
	GlobalSection(SolutionProperties) = preSolution
		HideSolutionNode = FALSE
	EndGlobalSection
	GlobalSection(ExtensibilityGlobals) = postSolution
		SolutionGuid = {82B60A64-F9CC-4D89-B3EC-B53D0373398E}
	EndGlobalSection
EndGlobal
